
Microsoft Visual Studio Solution File, Format Version 12.00
# Visual Studio Version 16
VisualStudioVersion = 16.0.31624.102
MinimumVisualStudioVersion = 10.0.40219.1
Project("{FAE04EC0-301F-11D3-BF4B-00C04F79EFBC}") = "OnlineCasinoProjectConsole", "OnlineCasinoProjectConsole\OnlineCasinoProjectConsole.csproj", "{ACDA31B6-7A88-43F1-9C62-5FB3B545CA42}"
EndProject
Project("{9A19103F-16F7-4668-BE54-9A1E7A4F7556}") = "OnlineCasinoTesting", "OnlineCasinoTesting\OnlineCasinoTesting.csproj", "{2ECAED29-7810-4C92-AA39-7CDA7E2C4662}"
EndProject
Project("{FAE04EC0-301F-11D3-BF4B-00C04F79EFBC}") = "Casino.Common", "Casino.Common\Casino.Common.csproj", "{ABA18A5F-C981-4B16-B483-60652E88FF39}"
EndProject
Project("{FAE04EC0-301F-11D3-BF4B-00C04F79EFBC}") = "Casino.WebAPI", "Casino.WebAPI\Casino.WebAPI.csproj", "{7393124F-2FE2-4B0E-B41E-A50D49A46010}"
EndProject
Project("{9A19103F-16F7-4668-BE54-9A1E7A4F7556}") = "Casino.WebAPI.UnitTest", "Casino.WebAPI.UnitTest\Casino.WebAPI.UnitTest.csproj", "{546EA200-27FB-4D5A-8E86-30A42DAF4576}"
EndProject
Project("{FAE04EC0-301F-11D3-BF4B-00C04F79EFBC}") = "OnlineCasinoProjectConsole.UnitTest", "OnlineCasinoProjectConsole.UnitTest\OnlineCasinoProjectConsole.UnitTest.csproj", "{2993D281-91BF-4410-A4FC-F2A4D7C4F38C}"
EndProject
Global
	GlobalSection(SolutionConfigurationPlatforms) = preSolution
		Debug|Any CPU = Debug|Any CPU
		Release|Any CPU = Release|Any CPU
	EndGlobalSection
	GlobalSection(ProjectConfigurationPlatforms) = postSolution
		{ACDA31B6-7A88-43F1-9C62-5FB3B545CA42}.Debug|Any CPU.ActiveCfg = Debug|Any CPU
		{ACDA31B6-7A88-43F1-9C62-5FB3B545CA42}.Debug|Any CPU.Build.0 = Debug|Any CPU
		{ACDA31B6-7A88-43F1-9C62-5FB3B545CA42}.Release|Any CPU.ActiveCfg = Release|Any CPU
		{ACDA31B6-7A88-43F1-9C62-5FB3B545CA42}.Release|Any CPU.Build.0 = Release|Any CPU
		{2ECAED29-7810-4C92-AA39-7CDA7E2C4662}.Debug|Any CPU.ActiveCfg = Debug|Any CPU
		{2ECAED29-7810-4C92-AA39-7CDA7E2C4662}.Debug|Any CPU.Build.0 = Debug|Any CPU
		{2ECAED29-7810-4C92-AA39-7CDA7E2C4662}.Release|Any CPU.ActiveCfg = Release|Any CPU
		{2ECAED29-7810-4C92-AA39-7CDA7E2C4662}.Release|Any CPU.Build.0 = Release|Any CPU
		{ABA18A5F-C981-4B16-B483-60652E88FF39}.Debug|Any CPU.ActiveCfg = Debug|Any CPU
		{ABA18A5F-C981-4B16-B483-60652E88FF39}.Debug|Any CPU.Build.0 = Debug|Any CPU
		{ABA18A5F-C981-4B16-B483-60652E88FF39}.Release|Any CPU.ActiveCfg = Release|Any CPU
		{ABA18A5F-C981-4B16-B483-60652E88FF39}.Release|Any CPU.Build.0 = Release|Any CPU
		{7393124F-2FE2-4B0E-B41E-A50D49A46010}.Debug|Any CPU.ActiveCfg = Debug|Any CPU
		{7393124F-2FE2-4B0E-B41E-A50D49A46010}.Debug|Any CPU.Build.0 = Debug|Any CPU
		{7393124F-2FE2-4B0E-B41E-A50D49A46010}.Release|Any CPU.ActiveCfg = Release|Any CPU
		{7393124F-2FE2-4B0E-B41E-A50D49A46010}.Release|Any CPU.Build.0 = Release|Any CPU
		{546EA200-27FB-4D5A-8E86-30A42DAF4576}.Debug|Any CPU.ActiveCfg = Debug|Any CPU
		{546EA200-27FB-4D5A-8E86-30A42DAF4576}.Debug|Any CPU.Build.0 = Debug|Any CPU
		{546EA200-27FB-4D5A-8E86-30A42DAF4576}.Release|Any CPU.ActiveCfg = Release|Any CPU
		{546EA200-27FB-4D5A-8E86-30A42DAF4576}.Release|Any CPU.Build.0 = Release|Any CPU
		{2993D281-91BF-4410-A4FC-F2A4D7C4F38C}.Debug|Any CPU.ActiveCfg = Debug|Any CPU
		{2993D281-91BF-4410-A4FC-F2A4D7C4F38C}.Debug|Any CPU.Build.0 = Debug|Any CPU
		{2993D281-91BF-4410-A4FC-F2A4D7C4F38C}.Release|Any CPU.ActiveCfg = Release|Any CPU
		{2993D281-91BF-4410-A4FC-F2A4D7C4F38C}.Release|Any CPU.Build.0 = Release|Any CPU
	EndGlobalSection
	GlobalSection(SolutionProperties) = preSolution
		HideSolutionNode = FALSE
	EndGlobalSection
	GlobalSection(ExtensibilityGlobals) = postSolution
		SolutionGuid = {DE587335-E33A-48CE-AA21-39380BD6B3E0}
	EndGlobalSection
EndGlobal
