
Microsoft Visual Studio Solution File, Format Version 12.00
# Visual Studio Version 16
VisualStudioVersion = 16.0.31624.102
MinimumVisualStudioVersion = 10.0.40219.1
Project("{FAE04EC0-301F-11D3-BF4B-00C04F79EFBC}") = "OnlineCasinoProjectConsole", "OnlineCasinoProjectConsole\OnlineCasinoProjectConsole.csproj", "{ACDA31B6-7A88-43F1-9C62-5FB3B545CA42}"
EndProject
Project("{9A19103F-16F7-4668-BE54-9A1E7A4F7556}") = "OnlineCasinoTesting", "OnlineCasinoTesting\OnlineCasinoTesting.csproj", "{2ECAED29-7810-4C92-AA39-7CDA7E2C4662}"
EndProject
Project("{FAE04EC0-301F-11D3-BF4B-00C04F79EFBC}") = "CasinoWebAPI", "CasinoWebAPI\CasinoWebAPI.csproj", "{0C1CA4D8-687D-4687-8794-D17E30E94D3F}"
EndProject
Global
	GlobalSection(SolutionConfigurationPlatforms) = preSolution
		Debug|Any CPU = Debug|Any CPU
		Release|Any CPU = Release|Any CPU
	EndGlobalSection
	GlobalSection(ProjectConfigurationPlatforms) = postSolution
		{ACDA31B6-7A88-43F1-9C62-5FB3B545CA42}.Debug|Any CPU.ActiveCfg = Debug|Any CPU
		{ACDA31B6-7A88-43F1-9C62-5FB3B545CA42}.Debug|Any CPU.Build.0 = Debug|Any CPU
		{ACDA31B6-7A88-43F1-9C62-5FB3B545CA42}.Release|Any CPU.ActiveCfg = Release|Any CPU
		{ACDA31B6-7A88-43F1-9C62-5FB3B545CA42}.Release|Any CPU.Build.0 = Release|Any CPU
		{2ECAED29-7810-4C92-AA39-7CDA7E2C4662}.Debug|Any CPU.ActiveCfg = Debug|Any CPU
		{2ECAED29-7810-4C92-AA39-7CDA7E2C4662}.Debug|Any CPU.Build.0 = Debug|Any CPU
		{2ECAED29-7810-4C92-AA39-7CDA7E2C4662}.Release|Any CPU.ActiveCfg = Release|Any CPU
		{2ECAED29-7810-4C92-AA39-7CDA7E2C4662}.Release|Any CPU.Build.0 = Release|Any CPU
		{0C1CA4D8-687D-4687-8794-D17E30E94D3F}.Debug|Any CPU.ActiveCfg = Debug|Any CPU
		{0C1CA4D8-687D-4687-8794-D17E30E94D3F}.Debug|Any CPU.Build.0 = Debug|Any CPU
		{0C1CA4D8-687D-4687-8794-D17E30E94D3F}.Release|Any CPU.ActiveCfg = Release|Any CPU
		{0C1CA4D8-687D-4687-8794-D17E30E94D3F}.Release|Any CPU.Build.0 = Release|Any CPU
	EndGlobalSection
	GlobalSection(SolutionProperties) = preSolution
		HideSolutionNode = FALSE
	EndGlobalSection
	GlobalSection(ExtensibilityGlobals) = postSolution
		SolutionGuid = {DE587335-E33A-48CE-AA21-39380BD6B3E0}
	EndGlobalSection
EndGlobal
